
Microsoft Visual Studio Solution File, Format Version 12.00
Project("{FAE04EC0-301F-11D3-BF4B-00C04F79EFBC}") = "HealthPadiWebApi", "HealthPadiWebApi\HealthPadiWebApi.csproj", "{2E37C313-4C27-49BB-B46D-854F81DDAC21}"
EndProject
Project("{2150E333-8FDC-42A3-9474-1A3956D46DE8}") = "Solution Items", "Solution Items", "{7E3AD6F8-1A1B-40E8-B29A-4C706450EC6A}"
	ProjectSection(SolutionItems) = preProject
		docker-compose.yml = docker-compose.yml
	EndProjectSection
EndProject
Project("{FAE04EC0-301F-11D3-BF4B-00C04F79EFBC}") = "HealthPadiTest", "HealthPadiTest\HealthPadiTest.csproj", "{23EC467B-B939-4F13-BB54-9F7F59974C96}"
EndProject
Global
	GlobalSection(SolutionConfigurationPlatforms) = preSolution
		Debug|Any CPU = Debug|Any CPU
		Release|Any CPU = Release|Any CPU
	EndGlobalSection
	GlobalSection(ProjectConfigurationPlatforms) = postSolution
		{2E37C313-4C27-49BB-B46D-854F81DDAC21}.Debug|Any CPU.ActiveCfg = Debug|Any CPU
		{2E37C313-4C27-49BB-B46D-854F81DDAC21}.Debug|Any CPU.Build.0 = Debug|Any CPU
		{2E37C313-4C27-49BB-B46D-854F81DDAC21}.Release|Any CPU.ActiveCfg = Release|Any CPU
		{2E37C313-4C27-49BB-B46D-854F81DDAC21}.Release|Any CPU.Build.0 = Release|Any CPU
		{23EC467B-B939-4F13-BB54-9F7F59974C96}.Debug|Any CPU.ActiveCfg = Debug|Any CPU
		{23EC467B-B939-4F13-BB54-9F7F59974C96}.Debug|Any CPU.Build.0 = Debug|Any CPU
		{23EC467B-B939-4F13-BB54-9F7F59974C96}.Release|Any CPU.ActiveCfg = Release|Any CPU
		{23EC467B-B939-4F13-BB54-9F7F59974C96}.Release|Any CPU.Build.0 = Release|Any CPU
	EndGlobalSection
EndGlobal
